
Microsoft Visual Studio Solution File, Format Version 12.00
# Visual Studio 15
VisualStudioVersion = 15.0.26430.15
MinimumVisualStudioVersion = 10.0.40219.1
Project("{9A19103F-16F7-4668-BE54-9A1E7A4F7556}") = "SkillsWorkflow.IntegrationTests", "XUnitTestProject1\SkillsWorkflow.IntegrationTests.csproj", "{9E4611EB-C7F8-4736-AE8B-2424BDDF2D79}"
EndProject
Project("{FAE04EC0-301F-11D3-BF4B-00C04F79EFBC}") = "SkillsWorkflow.IntegrationTests.Core", "SkillsWorkflow.IntegrationTests.Core\SkillsWorkflow.IntegrationTests.Core.csproj", "{0D639E81-0D71-4947-8E5B-53440C3CA5E6}"
EndProject
Global
	GlobalSection(SolutionConfigurationPlatforms) = preSolution
		Debug|Any CPU = Debug|Any CPU
		Release|Any CPU = Release|Any CPU
	EndGlobalSection
	GlobalSection(ProjectConfigurationPlatforms) = postSolution
		{9E4611EB-C7F8-4736-AE8B-2424BDDF2D79}.Debug|Any CPU.ActiveCfg = Debug|Any CPU
		{9E4611EB-C7F8-4736-AE8B-2424BDDF2D79}.Debug|Any CPU.Build.0 = Debug|Any CPU
		{9E4611EB-C7F8-4736-AE8B-2424BDDF2D79}.Release|Any CPU.ActiveCfg = Release|Any CPU
		{9E4611EB-C7F8-4736-AE8B-2424BDDF2D79}.Release|Any CPU.Build.0 = Release|Any CPU
		{0D639E81-0D71-4947-8E5B-53440C3CA5E6}.Debug|Any CPU.ActiveCfg = Debug|Any CPU
		{0D639E81-0D71-4947-8E5B-53440C3CA5E6}.Debug|Any CPU.Build.0 = Debug|Any CPU
		{0D639E81-0D71-4947-8E5B-53440C3CA5E6}.Release|Any CPU.ActiveCfg = Release|Any CPU
		{0D639E81-0D71-4947-8E5B-53440C3CA5E6}.Release|Any CPU.Build.0 = Release|Any CPU
	EndGlobalSection
	GlobalSection(SolutionProperties) = preSolution
		HideSolutionNode = FALSE
	EndGlobalSection
EndGlobal
